// !$*UTF8*$!
{
	archiveVersion = 1;
	classes = {
	};
	objectVersion = 50;
	objects = {

/* Begin PBXBuildFile section */
		6598460B2231793D00133453 /* main.swift in Sources */ = {isa = PBXBuildFile; fileRef = 6598460A2231793D00133453 /* main.swift */; };
		6598461622350DC300133453 /* class.swift in Sources */ = {isa = PBXBuildFile; fileRef = 6598461522350DC300133453 /* class.swift */; };
		6598461822350DD600133453 /* createTeams.swift in Sources */ = {isa = PBXBuildFile; fileRef = 6598461722350DD600133453 /* createTeams.swift */; };
		6598461A22350DE100133453 /* fights.swift in Sources */ = {isa = PBXBuildFile; fileRef = 6598461922350DE100133453 /* fights.swift */; };
		6598461C22350ED800133453 /* weaponsSafe.swift in Sources */ = {isa = PBXBuildFile; fileRef = 6598461B22350ED800133453 /* weaponsSafe.swift */; };
/* End PBXBuildFile section */

/* Begin PBXCopyFilesBuildPhase section */
		659846052231793D00133453 /* CopyFiles */ = {
			isa = PBXCopyFilesBuildPhase;
			buildActionMask = 2147483647;
			dstPath = /usr/share/man/man1/;
			dstSubfolderSpec = 0;
			files = (
			);
			runOnlyForDeploymentPostprocessing = 1;
		};
/* End PBXCopyFilesBuildPhase section */

/* Begin PBXFileReference section */
		659846072231793D00133453 /* Project3Game */ = {isa = PBXFileReference; explicitFileType = "compiled.mach-o.executable"; includeInIndex = 0; path = Project3Game; sourceTree = BUILT_PRODUCTS_DIR; };
		6598460A2231793D00133453 /* main.swift */ = {isa = PBXFileReference; lastKnownFileType = sourcecode.swift; path = main.swift; sourceTree = "<group>"; };
		6598461522350DC300133453 /* class.swift */ = {isa = PBXFileReference; lastKnownFileType = sourcecode.swift; path = class.swift; sourceTree = "<group>"; };
		6598461722350DD600133453 /* createTeams.swift */ = {isa = PBXFileReference; lastKnownFileType = sourcecode.swift; path = createTeams.swift; sourceTree = "<group>"; };
		6598461922350DE100133453 /* fights.swift */ = {isa = PBXFileReference; lastKnownFileType = sourcecode.swift; path = fights.swift; sourceTree = "<group>"; };
		6598461B22350ED800133453 /* weaponsSafe.swift */ = {isa = PBXFileReference; lastKnownFileType = sourcecode.swift; path = weaponsSafe.swift; sourceTree = "<group>"; };
/* End PBXFileReference section */

/* Begin PBXFrameworksBuildPhase section */
		659846042231793D00133453 /* Frameworks */ = {
			isa = PBXFrameworksBuildPhase;
			buildActionMask = 2147483647;
			files = (
			);
			runOnlyForDeploymentPostprocessing = 0;
		};
/* End PBXFrameworksBuildPhase section */

/* Begin PBXGroup section */
		659845FE2231793D00133453 = {
			isa = PBXGroup;
			children = (
				659846092231793D00133453 /* Project3Game */,
				659846082231793D00133453 /* Products */,
			);
			sourceTree = "<group>";
		};
		659846082231793D00133453 /* Products */ = {
			isa = PBXGroup;
			children = (
				659846072231793D00133453 /* Project3Game */,
			);
			name = Products;
			sourceTree = "<group>";
		};
		659846092231793D00133453 /* Project3Game */ = {
			isa = PBXGroup;
			children = (
				6598461D2235BC3D00133453 /* characters */,
				6598460A2231793D00133453 /* main.swift */,
				6598461722350DD600133453 /* createTeams.swift */,
				6598461922350DE100133453 /* fights.swift */,
				6598461B22350ED800133453 /* weaponsSafe.swift */,
			);
			path = Project3Game;
			sourceTree = "<group>";
		};
		6598461D2235BC3D00133453 /* characters */ = {
			isa = PBXGroup;
			children = (
				6598461522350DC300133453 /* class.swift */,
			);
			path = characters;
			sourceTree = "<group>";
		};
/* End PBXGroup section */

/* Begin PBXNativeTarget section */
		659846062231793D00133453 /* Project3Game */ = {
			isa = PBXNativeTarget;
			buildConfigurationList = 6598460E2231793D00133453 /* Build configuration list for PBXNativeTarget "Project3Game" */;
			buildPhases = (
				659846032231793D00133453 /* Sources */,
				659846042231793D00133453 /* Frameworks */,
				659846052231793D00133453 /* CopyFiles */,
			);
			buildRules = (
			);
			dependencies = (
			);
			name = Project3Game;
			productName = Project3Game;
			productReference = 659846072231793D00133453 /* Project3Game */;
			productType = "com.apple.product-type.tool";
		};
/* End PBXNativeTarget section */

/* Begin PBXProject section */
		659845FF2231793D00133453 /* Project object */ = {
			isa = PBXProject;
			attributes = {
				LastSwiftUpdateCheck = 1010;
				LastUpgradeCheck = 1010;
				ORGANIZATIONNAME = "Sarah Maimoun";
				TargetAttributes = {
					659846062231793D00133453 = {
						CreatedOnToolsVersion = 10.1;
					};
				};
			};
			buildConfigurationList = 659846022231793D00133453 /* Build configuration list for PBXProject "Project3Game" */;
			compatibilityVersion = "Xcode 9.3";
			developmentRegion = en;
			hasScannedForEncodings = 0;
			knownRegions = (
				en,
			);
			mainGroup = 659845FE2231793D00133453;
			productRefGroup = 659846082231793D00133453 /* Products */;
			projectDirPath = "";
			projectRoot = "";
			targets = (
				659846062231793D00133453 /* Project3Game */,
			);
		};
/* End PBXProject section */

/* Begin PBXSourcesBuildPhase section */
		659846032231793D00133453 /* Sources */ = {
			isa = PBXSourcesBuildPhase;
			buildActionMask = 2147483647;
			files = (
				6598460B2231793D00133453 /* main.swift in Sources */,
				6598461A22350DE100133453 /* fights.swift in Sources */,
				6598461622350DC300133453 /* class.swift in Sources */,
				6598461822350DD600133453 /* createTeams.swift in Sources */,
				6598461C22350ED800133453 /* weaponsSafe.swift in Sources */,
			);
			runOnlyForDeploymentPostprocessing = 0;
		};
/* End PBXSourcesBuildPhase section */

/* Begin XCBuildConfiguration section */
		6598460C2231793D00133453 /* Debug */ = {
			isa = XCBuildConfiguration;
			buildSettings = {
				ALWAYS_SEARCH_USER_PATHS = NO;
				CLANG_ANALYZER_NONNULL = YES;
				CLANG_ANALYZER_NUMBER_OBJECT_CONVERSION = YES_AGGRESSIVE;
				CLANG_CXX_LANGUAGE_STANDARD = "gnu++14";
				CLANG_CXX_LIBRARY = "libc++";
				CLANG_ENABLE_MODULES = YES;
				CLANG_ENABLE_OBJC_ARC = YES;
				CLANG_ENABLE_OBJC_WEAK = YES;
				CLANG_WARN_BLOCK_CAPTURE_AUTORELEASING = YES;
				CLANG_WARN_BOOL_CONVERSION = YES;
				CLANG_WARN_COMMA = YES;
				CLANG_WARN_CONSTANT_CONVERSION = YES;
				CLANG_WARN_DEPRECATED_OBJC_IMPLEMENTATIONS = YES;
				CLANG_WARN_DIRECT_OBJC_ISA_USAGE = YES_ERROR;
				CLANG_WARN_DOCUMENTATION_COMMENTS = YES;
				CLANG_WARN_EMPTY_BODY = YES;
				CLANG_WARN_ENUM_CONVERSION = YES;
				CLANG_WARN_INFINITE_RECURSION = YES;
				CLANG_WARN_INT_CONVERSION = YES;
				CLANG_WARN_NON_LITERAL_NULL_CONVERSION = YES;
				CLANG_WARN_OBJC_IMPLICIT_RETAIN_SELF = YES;
				CLANG_WARN_OBJC_LITERAL_CONVERSION = YES;
				CLANG_WARN_OBJC_ROOT_CLASS = YES_ERROR;
				CLANG_WARN_RANGE_LOOP_ANALYSIS = YES;
				CLANG_WARN_STRICT_PROTOTYPES = YES;
				CLANG_WARN_SUSPICIOUS_MOVE = YES;
				CLANG_WARN_UNGUARDED_AVAILABILITY = YES_AGGRESSIVE;
				CLANG_WARN_UNREACHABLE_CODE = YES;
				CLANG_WARN__DUPLICATE_METHOD_MATCH = YES;
				CODE_SIGN_IDENTITY = "-";
				COPY_PHASE_STRIP = NO;
				DEBUG_INFORMATION_FORMAT = dwarf;
				ENABLE_STRICT_OBJC_MSGSEND = YES;
				ENABLE_TESTABILITY = YES;
				GCC_C_LANGUAGE_STANDARD = gnu11;
				GCC_DYNAMIC_NO_PIC = NO;
				GCC_NO_COMMON_BLOCKS = YES;
				GCC_OPTIMIZATION_LEVEL = 0;
				GCC_PREPROCESSOR_DEFINITIONS = (
					"DEBUG=1",
					"$(inherited)",
				);
				GCC_WARN_64_TO_32_BIT_CONVERSION = YES;
				GCC_WARN_ABOUT_RETURN_TYPE = YES_ERROR;
				GCC_WARN_UNDECLARED_SELECTOR = YES;
				GCC_WARN_UNINITIALIZED_AUTOS = YES_AGGRESSIVE;
				GCC_WARN_UNUSED_FUNCTION = YES;
				GCC_WARN_UNUSED_VARIABLE = YES;
				MACOSX_DEPLOYMENT_TARGET = 10.14;
				MTL_ENABLE_DEBUG_INFO = INCLUDE_SOURCE;
				MTL_FAST_MATH = YES;
				ONLY_ACTIVE_ARCH = YES;
				SDKROOT = macosx;
				SWIFT_ACTIVE_COMPILATION_CONDITIONS = DEBUG;
				SWIFT_OPTIMIZATION_LEVEL = "-Onone";
			};
			name = Debug;
		};
		6598460D2231793D00133453 /* Release */ = {
			isa = XCBuildConfiguration;
			buildSettings = {
				ALWAYS_SEARCH_USER_PATHS = NO;
				CLANG_ANALYZER_NONNULL = YES;
				CLANG_ANALYZER_NUMBER_OBJECT_CONVERSION = YES_AGGRESSIVE;
				CLANG_CXX_LANGUAGE_STANDARD = "gnu++14";
				CLANG_CXX_LIBRARY = "libc++";
				CLANG_ENABLE_MODULES = YES;
				CLANG_ENABLE_OBJC_ARC = YES;
				CLANG_ENABLE_OBJC_WEAK = YES;
				CLANG_WARN_BLOCK_CAPTURE_AUTORELEASING = YES;
				CLANG_WARN_BOOL_CONVERSION = YES;
				CLANG_WARN_COMMA = YES;
				CLANG_WARN_CONSTANT_CONVERSION = YES;
				CLANG_WARN_DEPRECATED_OBJC_IMPLEMENTATIONS = YES;
				CLANG_WARN_DIRECT_OBJC_ISA_USAGE = YES_ERROR;
				CLANG_WARN_DOCUMENTATION_COMMENTS = YES;
				CLANG_WARN_EMPTY_BODY = YES;
				CLANG_WARN_ENUM_CONVERSION = YES;
				CLANG_WARN_INFINITE_RECURSION = YES;
				CLANG_WARN_INT_CONVERSION = YES;
				CLANG_WARN_NON_LITERAL_NULL_CONVERSION = YES;
				CLANG_WARN_OBJC_IMPLICIT_RETAIN_SELF = YES;
				CLANG_WARN_OBJC_LITERAL_CONVERSION = YES;
				CLANG_WARN_OBJC_ROOT_CLASS = YES_ERROR;
				CLANG_WARN_RANGE_LOOP_ANALYSIS = YES;
				CLANG_WARN_STRICT_PROTOTYPES = YES;
				CLANG_WARN_SUSPICIOUS_MOVE = YES;
				CLANG_WARN_UNGUARDED_AVAILABILITY = YES_AGGRESSIVE;
				CLANG_WARN_UNREACHABLE_CODE = YES;
				CLANG_WARN__DUPLICATE_METHOD_MATCH = YES;
				CODE_SIGN_IDENTITY = "-";
				COPY_PHASE_STRIP = NO;
				DEBUG_INFORMATION_FORMAT = "dwarf-with-dsym";
				ENABLE_NS_ASSERTIONS = NO;
				ENABLE_STRICT_OBJC_MSGSEND = YES;
				GCC_C_LANGUAGE_STANDARD = gnu11;
				GCC_NO_COMMON_BLOCKS = YES;
				GCC_WARN_64_TO_32_BIT_CONVERSION = YES;
				GCC_WARN_ABOUT_RETURN_TYPE = YES_ERROR;
				GCC_WARN_UNDECLARED_SELECTOR = YES;
				GCC_WARN_UNINITIALIZED_AUTOS = YES_AGGRESSIVE;
				GCC_WARN_UNUSED_FUNCTION = YES;
				GCC_WARN_UNUSED_VARIABLE = YES;
				MACOSX_DEPLOYMENT_TARGET = 10.14;
				MTL_ENABLE_DEBUG_INFO = NO;
				MTL_FAST_MATH = YES;
				SDKROOT = macosx;
				SWIFT_COMPILATION_MODE = wholemodule;
				SWIFT_OPTIMIZATION_LEVEL = "-O";
			};
			name = Release;
		};
		6598460F2231793D00133453 /* Debug */ = {
			isa = XCBuildConfiguration;
			buildSettings = {
				CODE_SIGN_STYLE = Automatic;
				PRODUCT_NAME = "$(TARGET_NAME)";
				SWIFT_VERSION = 4.2;
			};
			name = Debug;
		};
		659846102231793D00133453 /* Release */ = {
			isa = XCBuildConfiguration;
			buildSettings = {
				CODE_SIGN_STYLE = Automatic;
				PRODUCT_NAME = "$(TARGET_NAME)";
				SWIFT_VERSION = 4.2;
			};
			name = Release;
		};
/* End XCBuildConfiguration section */

/* Begin XCConfigurationList section */
		659846022231793D00133453 /* Build configuration list for PBXProject "Project3Game" */ = {
			isa = XCConfigurationList;
			buildConfigurations = (
				6598460C2231793D00133453 /* Debug */,
				6598460D2231793D00133453 /* Release */,
			);
			defaultConfigurationIsVisible = 0;
			defaultConfigurationName = Release;
		};
		6598460E2231793D00133453 /* Build configuration list for PBXNativeTarget "Project3Game" */ = {
			isa = XCConfigurationList;
			buildConfigurations = (
				6598460F2231793D00133453 /* Debug */,
				659846102231793D00133453 /* Release */,
			);
			defaultConfigurationIsVisible = 0;
			defaultConfigurationName = Release;
		};
/* End XCConfigurationList section */
	};
	rootObject = 659845FF2231793D00133453 /* Project object */;
}
